
Microsoft Visual Studio Solution File, Format Version 12.00
# Visual Studio 15
VisualStudioVersion = 15.0.27428.2043
MinimumVisualStudioVersion = 10.0.40219.1
Project("{9A19103F-16F7-4668-BE54-9A1E7A4F7556}") = "JustReadMe", "JustReadMe\JustReadMe.csproj", "{9955D424-5BA4-48B8-8CFF-74F4C2C7D81E}"
EndProject
Project("{2150E333-8FDC-42A3-9474-1A3956D46DE8}") = "Solution Items", "Solution Items", "{4E5B0A93-851A-4C1E-BE9C-5320A0926B28}"
	ProjectSection(SolutionItems) = preProject
		README.md = README.md
	EndProjectSection
EndProject
Global
	GlobalSection(SolutionConfigurationPlatforms) = preSolution
		Debug|Any CPU = Debug|Any CPU
		Release|Any CPU = Release|Any CPU
	EndGlobalSection
	GlobalSection(ProjectConfigurationPlatforms) = postSolution
		{9955D424-5BA4-48B8-8CFF-74F4C2C7D81E}.Debug|Any CPU.ActiveCfg = Debug|Any CPU
		{9955D424-5BA4-48B8-8CFF-74F4C2C7D81E}.Debug|Any CPU.Build.0 = Debug|Any CPU
		{9955D424-5BA4-48B8-8CFF-74F4C2C7D81E}.Release|Any CPU.ActiveCfg = Release|Any CPU
		{9955D424-5BA4-48B8-8CFF-74F4C2C7D81E}.Release|Any CPU.Build.0 = Release|Any CPU
	EndGlobalSection
	GlobalSection(SolutionProperties) = preSolution
		HideSolutionNode = FALSE
	EndGlobalSection
	GlobalSection(ExtensibilityGlobals) = postSolution
		SolutionGuid = {0D3ADBDD-2AF7-4E79-87B4-F1FE6F9C582C}
	EndGlobalSection
EndGlobal
